
Microsoft Visual Studio Solution File, Format Version 12.00
# Visual Studio Version 17
VisualStudioVersion = 17.0.31912.275
MinimumVisualStudioVersion = 10.0.40219.1
Project("{FAE04EC0-301F-11D3-BF4B-00C04F79EFBC}") = "Лабораторна робота 4 XOR файл", "Лабораторна робота 4 XOR файл\Лабораторна робота 4 XOR файл.csproj", "{6715C403-37FF-4B52-B1DD-80B236F16736}"
EndProject
Global
	GlobalSection(SolutionConfigurationPlatforms) = preSolution
		Debug|Any CPU = Debug|Any CPU
		Release|Any CPU = Release|Any CPU
	EndGlobalSection
	GlobalSection(ProjectConfigurationPlatforms) = postSolution
		{6715C403-37FF-4B52-B1DD-80B236F16736}.Debug|Any CPU.ActiveCfg = Debug|Any CPU
		{6715C403-37FF-4B52-B1DD-80B236F16736}.Debug|Any CPU.Build.0 = Debug|Any CPU
		{6715C403-37FF-4B52-B1DD-80B236F16736}.Release|Any CPU.ActiveCfg = Release|Any CPU
		{6715C403-37FF-4B52-B1DD-80B236F16736}.Release|Any CPU.Build.0 = Release|Any CPU
	EndGlobalSection
	GlobalSection(SolutionProperties) = preSolution
		HideSolutionNode = FALSE
	EndGlobalSection
	GlobalSection(ExtensibilityGlobals) = postSolution
		SolutionGuid = {8996C652-3D30-4D78-99EA-D2F077AA53EC}
	EndGlobalSection
EndGlobal
